
Microsoft Visual Studio Solution File, Format Version 12.00
# Visual Studio 15
VisualStudioVersion = 15.0.26730.16
MinimumVisualStudioVersion = 10.0.40219.1
Project("{FAE04EC0-301F-11D3-BF4B-00C04F79EFBC}") = "WcfServiceLibrary", "WcfServiceLibrary4\WcfServiceLibrary.csproj", "{CE464EF2-6EDC-425C-8609-237A6AED597F}"
EndProject
Project("{FAE04EC0-301F-11D3-BF4B-00C04F79EFBC}") = "WcfServiceHost", "WcfServiceHost\WcfServiceHost.csproj", "{67118518-8066-4892-8A4F-C268B5028FB7}"
EndProject
Project("{FAE04EC0-301F-11D3-BF4B-00C04F79EFBC}") = "WindowsFormsClient", "WindowsFormsClient\WindowsFormsClient.csproj", "{766D871B-B6CD-4D4A-AF23-CB2DF4DB4454}"
EndProject
Global
	GlobalSection(SolutionConfigurationPlatforms) = preSolution
		Debug|Any CPU = Debug|Any CPU
		Release|Any CPU = Release|Any CPU
	EndGlobalSection
	GlobalSection(ProjectConfigurationPlatforms) = postSolution
		{CE464EF2-6EDC-425C-8609-237A6AED597F}.Debug|Any CPU.ActiveCfg = Debug|Any CPU
		{CE464EF2-6EDC-425C-8609-237A6AED597F}.Debug|Any CPU.Build.0 = Debug|Any CPU
		{CE464EF2-6EDC-425C-8609-237A6AED597F}.Release|Any CPU.ActiveCfg = Release|Any CPU
		{CE464EF2-6EDC-425C-8609-237A6AED597F}.Release|Any CPU.Build.0 = Release|Any CPU
		{67118518-8066-4892-8A4F-C268B5028FB7}.Debug|Any CPU.ActiveCfg = Debug|Any CPU
		{67118518-8066-4892-8A4F-C268B5028FB7}.Debug|Any CPU.Build.0 = Debug|Any CPU
		{67118518-8066-4892-8A4F-C268B5028FB7}.Release|Any CPU.ActiveCfg = Release|Any CPU
		{67118518-8066-4892-8A4F-C268B5028FB7}.Release|Any CPU.Build.0 = Release|Any CPU
		{766D871B-B6CD-4D4A-AF23-CB2DF4DB4454}.Debug|Any CPU.ActiveCfg = Debug|Any CPU
		{766D871B-B6CD-4D4A-AF23-CB2DF4DB4454}.Debug|Any CPU.Build.0 = Debug|Any CPU
		{766D871B-B6CD-4D4A-AF23-CB2DF4DB4454}.Release|Any CPU.ActiveCfg = Release|Any CPU
		{766D871B-B6CD-4D4A-AF23-CB2DF4DB4454}.Release|Any CPU.Build.0 = Release|Any CPU
	EndGlobalSection
	GlobalSection(SolutionProperties) = preSolution
		HideSolutionNode = FALSE
	EndGlobalSection
	GlobalSection(ExtensibilityGlobals) = postSolution
		SolutionGuid = {4B49151F-5373-4432-B012-7871865C6277}
	EndGlobalSection
EndGlobal
